
Microsoft Visual Studio Solution File, Format Version 12.00
# Visual Studio Version 17
VisualStudioVersion = 17.5.002.0
MinimumVisualStudioVersion = 10.0.40219.1
Project("{9A19103F-16F7-4668-BE54-9A1E7A4F7556}") = "demo-dot7-5001-app", "demo-dot7-5001-app.csproj", "{4D814D49-B774-401E-BF27-02A7F2AF1014}"
EndProject
Global
	GlobalSection(SolutionConfigurationPlatforms) = preSolution
		Debug|Any CPU = Debug|Any CPU
		Release|Any CPU = Release|Any CPU
	EndGlobalSection
	GlobalSection(ProjectConfigurationPlatforms) = postSolution
		{4D814D49-B774-401E-BF27-02A7F2AF1014}.Debug|Any CPU.ActiveCfg = Debug|Any CPU
		{4D814D49-B774-401E-BF27-02A7F2AF1014}.Debug|Any CPU.Build.0 = Debug|Any CPU
		{4D814D49-B774-401E-BF27-02A7F2AF1014}.Release|Any CPU.ActiveCfg = Release|Any CPU
		{4D814D49-B774-401E-BF27-02A7F2AF1014}.Release|Any CPU.Build.0 = Release|Any CPU
	EndGlobalSection
	GlobalSection(SolutionProperties) = preSolution
		HideSolutionNode = FALSE
	EndGlobalSection
	GlobalSection(ExtensibilityGlobals) = postSolution
		SolutionGuid = {1D899F87-F9F3-4707-BFFE-E5670293577C}
	EndGlobalSection
EndGlobal
